
Microsoft Visual Studio Solution File, Format Version 12.00
# Visual Studio 2012
Project("{FAE04EC0-301F-11D3-BF4B-00C04F79EFBC}") = "CodeEditorApplication", "CodeEditorApplication\CodeEditorApplication.csproj", "{A3DBA18E-E2D1-4823-BDA2-C17313997C12}"
EndProject
Project("{FAE04EC0-301F-11D3-BF4B-00C04F79EFBC}") = "ProgrammingTasks", "ProgrammingTasks\ProgrammingTasks.csproj", "{CD6948BC-FCC2-4647-933F-151E014EAD50}"
EndProject
Global
	GlobalSection(SolutionConfigurationPlatforms) = preSolution
		Debug|Any CPU = Debug|Any CPU
		Release|Any CPU = Release|Any CPU
	EndGlobalSection
	GlobalSection(ProjectConfigurationPlatforms) = postSolution
		{A3DBA18E-E2D1-4823-BDA2-C17313997C12}.Debug|Any CPU.ActiveCfg = Debug|Any CPU
		{A3DBA18E-E2D1-4823-BDA2-C17313997C12}.Debug|Any CPU.Build.0 = Debug|Any CPU
		{A3DBA18E-E2D1-4823-BDA2-C17313997C12}.Release|Any CPU.ActiveCfg = Release|Any CPU
		{A3DBA18E-E2D1-4823-BDA2-C17313997C12}.Release|Any CPU.Build.0 = Release|Any CPU
		{CD6948BC-FCC2-4647-933F-151E014EAD50}.Debug|Any CPU.ActiveCfg = Debug|Any CPU
		{CD6948BC-FCC2-4647-933F-151E014EAD50}.Debug|Any CPU.Build.0 = Debug|Any CPU
		{CD6948BC-FCC2-4647-933F-151E014EAD50}.Release|Any CPU.ActiveCfg = Release|Any CPU
		{CD6948BC-FCC2-4647-933F-151E014EAD50}.Release|Any CPU.Build.0 = Release|Any CPU
	EndGlobalSection
	GlobalSection(SolutionProperties) = preSolution
		HideSolutionNode = FALSE
	EndGlobalSection
EndGlobal
