
Microsoft Visual Studio Solution File, Format Version 12.00
# Visual Studio 2012
Project("{FAE04EC0-301F-11D3-BF4B-00C04F79EFBC}") = "CodeCompileRunApplication", "CodeCompileRunApplication\CodeCompileRunApplication.csproj", "{A3DBA18E-E2D1-4823-BDA2-C17313997C12}"
EndProject
Project("{FAE04EC0-301F-11D3-BF4B-00C04F79EFBC}") = "ProgrammingTasks", "ProgrammingTasks\ProgrammingTasks.csproj", "{A6F23F9B-4065-4987-B3D5-7DED1B489968}"
EndProject
Global
	GlobalSection(SolutionConfigurationPlatforms) = preSolution
		Debug|Any CPU = Debug|Any CPU
		Release|Any CPU = Release|Any CPU
	EndGlobalSection
	GlobalSection(ProjectConfigurationPlatforms) = postSolution
		{A3DBA18E-E2D1-4823-BDA2-C17313997C12}.Debug|Any CPU.ActiveCfg = Debug|Any CPU
		{A3DBA18E-E2D1-4823-BDA2-C17313997C12}.Debug|Any CPU.Build.0 = Debug|Any CPU
		{A3DBA18E-E2D1-4823-BDA2-C17313997C12}.Release|Any CPU.ActiveCfg = Release|Any CPU
		{A3DBA18E-E2D1-4823-BDA2-C17313997C12}.Release|Any CPU.Build.0 = Release|Any CPU
		{A6F23F9B-4065-4987-B3D5-7DED1B489968}.Debug|Any CPU.ActiveCfg = Debug|Any CPU
		{A6F23F9B-4065-4987-B3D5-7DED1B489968}.Debug|Any CPU.Build.0 = Debug|Any CPU
		{A6F23F9B-4065-4987-B3D5-7DED1B489968}.Release|Any CPU.ActiveCfg = Release|Any CPU
		{A6F23F9B-4065-4987-B3D5-7DED1B489968}.Release|Any CPU.Build.0 = Release|Any CPU
	EndGlobalSection
	GlobalSection(SolutionProperties) = preSolution
		HideSolutionNode = FALSE
	EndGlobalSection
EndGlobal
